{
  "version": 4,
  "terraform_version": "0.12.9",
  "serial": 15,
  "lineage": "29bc346c-717d-e619-9d45-54711c54b336",
  "outputs": {},
  "resources": [
    {
      "mode": "data",
      "type": "archive_file",
      "name": "terraform_function",
      "provider": "provider.archive",
      "instances": [
        {
          "schema_version": 0,
          "attributes": {
            "excludes": null,
            "id": "6761238e77ee7770ac3b6c32ff6a912610cf125d",
            "output_base64sha256": "FXHJy7G5IKXTY18SIOjNT8uFxKR57EQu3MZZDPCRTk0=",
            "output_md5": "5e551550acd4d64122526596bd061f3c",
            "output_path": "upload/terraform_function.zip",
            "output_sha": "6761238e77ee7770ac3b6c32ff6a912610cf125d",
            "output_size": 471,
            "source": [],
            "source_content": null,
            "source_content_filename": null,
            "source_dir": "./sample",
            "source_file": null,
            "type": "zip"
          }
        }
      ]
    },
    {
      "mode": "managed",
      "type": "aws_iam_role",
      "name": "iam_for_lambda",
      "provider": "provider.aws",
      "instances": [
        {
          "schema_version": 0,
          "attributes": {
            "arn": "arn:aws:iam::330778405506:role/iam_for_lambda",
            "assume_role_policy": "{\"Version\":\"2012-10-17\",\"Statement\":[{\"Sid\":\"\",\"Effect\":\"Allow\",\"Principal\":{\"Service\":\"lambda.amazonaws.com\"},\"Action\":\"sts:AssumeRole\"}]}",
            "create_date": "2019-10-22T14:40:57Z",
            "description": "",
            "force_detach_policies": false,
            "id": "iam_for_lambda",
            "max_session_duration": 3600,
            "name": "iam_for_lambda",
            "name_prefix": null,
            "path": "/",
            "permissions_boundary": null,
            "tags": {},
            "unique_id": "AROAU2A7N5KBJO4P2BWQ6"
          },
          "private": "bnVsbA=="
        }
      ]
    },
    {
      "mode": "managed",
      "type": "aws_internet_gateway",
      "name": "example",
      "provider": "provider.aws",
      "instances": [
        {
          "schema_version": 0,
          "attributes": {
            "id": "igw-0dff1b162e2af55a8",
            "owner_id": "330778405506",
            "tags": {},
            "vpc_id": "vpc-025cdec96fada0104"
          },
          "private": "bnVsbA==",
          "depends_on": [
            "aws_vpc.example"
          ]
        }
      ]
    },
    {
      "mode": "managed",
      "type": "aws_lambda_function",
      "name": "sample_function",
      "provider": "provider.aws",
      "instances": [
        {
          "schema_version": 0,
          "attributes": {
            "arn": "arn:aws:lambda:eu-west-3:330778405506:function:lambda_handler",
            "dead_letter_config": [],
            "description": "",
            "environment": [],
            "filename": "upload/terraform_function.zip",
            "function_name": "lambda_handler",
            "handler": "terraform_function.lambda_handler",
            "id": "lambda_handler",
            "invoke_arn": "arn:aws:apigateway:eu-west-3:lambda:path/2015-03-31/functions/arn:aws:lambda:eu-west-3:330778405506:function:lambda_handler/invocations",
            "kms_key_arn": "",
            "last_modified": "2019-10-22T14:44:53.518+0000",
            "layers": [],
            "memory_size": 128,
            "publish": false,
            "qualified_arn": "arn:aws:lambda:eu-west-3:330778405506:function:lambda_handler:$LATEST",
            "reserved_concurrent_executions": -1,
            "role": "arn:aws:iam::330778405506:role/iam_for_lambda",
            "runtime": "ruby2.5",
            "s3_bucket": null,
            "s3_key": null,
            "s3_object_version": null,
            "source_code_hash": "FXHJy7G5IKXTY18SIOjNT8uFxKR57EQu3MZZDPCRTk0=",
            "source_code_size": 471,
            "tags": {},
            "timeout": 30,
            "timeouts": null,
            "tracing_config": [
              {
                "mode": "PassThrough"
              }
            ],
            "version": "$LATEST",
            "vpc_config": []
          },
          "private": "eyJlMmJmYjczMC1lY2FhLTExZTYtOGY4OC0zNDM2M2JjN2M0YzAiOnsiY3JlYXRlIjo2MDAwMDAwMDAwMDB9fQ==",
          "depends_on": [
            "aws_iam_role.iam_for_lambda",
            "data.archive_file.terraform_function"
          ]
        }
      ]
    },
    {
      "mode": "managed",
      "type": "aws_vpc",
      "name": "example",
      "provider": "provider.aws",
      "instances": [
        {
          "schema_version": 1,
          "attributes": {
            "arn": "arn:aws:ec2:eu-west-3:330778405506:vpc/vpc-025cdec96fada0104",
            "assign_generated_ipv6_cidr_block": false,
            "cidr_block": "10.0.0.0/16",
            "default_network_acl_id": "acl-0edeae0ffc07e4967",
            "default_route_table_id": "rtb-079e0ffc5a8f9daa2",
            "default_security_group_id": "sg-02aab04f20ce83646",
            "dhcp_options_id": "dopt-e9c09480",
            "enable_classiclink": null,
            "enable_classiclink_dns_support": null,
            "enable_dns_hostnames": true,
            "enable_dns_support": true,
            "id": "vpc-025cdec96fada0104",
            "instance_tenancy": "default",
            "ipv6_association_id": "",
            "ipv6_cidr_block": "",
            "main_route_table_id": "rtb-079e0ffc5a8f9daa2",
            "owner_id": "330778405506",
            "tags": {
              "Name": "example"
            }
          },
          "private": "eyJzY2hlbWFfdmVyc2lvbiI6IjEifQ=="
        }
      ]
    }
  ]
}
